{
  "name": "drive-api",
  "version": "0.0.1",
  "lockfileVersion": 3,
  "requires": true,
  "packages": {
    "": {
      "name": "drive-api",
      "version": "0.0.1",
      "license": "MIT",
      "dependencies": {
        "chainpad": "^5.2.6",
        "chainpad-crypto": "^0.3.0",
        "chainpad-listmap": "^1.2.0",
        "json.sortify": "github:cryptpad/JSON.sortify",
        "ws": "^8.17.1"
      }
    },
    "node_modules/acorn": {
      "version": "3.3.0",
      "resolved": "https://registry.npmjs.org/acorn/-/acorn-3.3.0.tgz",
      "integrity": "sha512-OLUyIIZ7mF5oaAUT1w0TFqQS81q3saT46x8t7ukpPjMNk+nbs4ZHhs7ToV8EWnLYLepjETXd4XaCE4uxkMeqUw==",
      "license": "MIT",
      "bin": {
        "acorn": "bin/acorn"
      },
      "engines": {
        "node": ">=0.4.0"
      }
    },
    "node_modules/amd-resolve": {
      "version": "0.1.1",
      "resolved": "https://registry.npmjs.org/amd-resolve/-/amd-resolve-0.1.1.tgz",
      "integrity": "sha512-NyZL3M2Ebru5CAkH3NYxJmxPQnMiM++waHLUakbH2RCAkcop/1JlieF1HTw5oYqImKdYT3YXZCE2xb0GWKoDIg==",
      "engines": {
        "node": ">= 0.4.0"
      }
    },
    "node_modules/amdetective": {
      "version": "0.0.1",
      "resolved": "https://registry.npmjs.org/amdetective/-/amdetective-0.0.1.tgz",
      "integrity": "sha512-z8+f9qhA7k3GTHUPbWOnOQyUaUBzgsI6EspAEQ0Iow/89pGCPPPnYjIe2JKH0ZMCJVkXqx8OT2d2js1ABuYCqg==",
      "license": "BSD",
      "dependencies": {
        "esprima": "~1.0.4"
      }
    },
    "node_modules/balanced-match": {
      "version": "1.0.2",
      "resolved": "https://registry.npmjs.org/balanced-match/-/balanced-match-1.0.2.tgz",
      "integrity": "sha512-3oSeUO0TMV67hN1AmbXsK4yaqU7tjiHlbxRDZOpH0KW9+CeX4bRAaX0Anxt0tx2MrpRpWwQaPwIlISEJhYU5Pw==",
      "license": "MIT"
    },
    "node_modules/brace-expansion": {
      "version": "1.1.12",
      "resolved": "https://registry.npmjs.org/brace-expansion/-/brace-expansion-1.1.12.tgz",
      "integrity": "sha512-9T9UjW3r0UW5c1Q7GTwllptXwhvYmEzFhzMfZ9H7FQWt+uZePjZPjBP/W1ZEyZ1twGWom5/56TF4lPcqjnDHcg==",
      "license": "MIT",
      "dependencies": {
        "balanced-match": "^1.0.0",
        "concat-map": "0.0.1"
      }
    },
    "node_modules/browser-resolve": {
      "version": "1.2.4",
      "resolved": "https://registry.npmjs.org/browser-resolve/-/browser-resolve-1.2.4.tgz",
      "integrity": "sha512-z8CRZZEv/MVAuJ9u9/LwzAcGswFtWbdAHh8f8ZkHgThUb88rBZbpwoxYZaQnmbAxvCoOA1gFIONrspStOhldkg==",
      "license": "MIT",
      "dependencies": {
        "resolve": "0.6.3"
      }
    },
    "node_modules/bytes": {
      "version": "2.2.0",
      "resolved": "https://registry.npmjs.org/bytes/-/bytes-2.2.0.tgz",
      "integrity": "sha512-zGRpnr2l5w/s8PxkrquUJoVeR06KvqPelrYqiSyQV7QEBqCYivpb6UzXYWC6JDBVtNFOT0rzJRFhkfJgxzmILA==",
      "license": "MIT"
    },
    "node_modules/chainpad": {
      "version": "5.3.0",
      "resolved": "https://registry.npmjs.org/chainpad/-/chainpad-5.3.0.tgz",
      "integrity": "sha512-S8ctJfd3XqRW6t7GsNcN6ldXmXfIlbFLqA6mukSPhXWo0DueiOF1bT3lAHIvJEwkI9ax5adJmpA50GfW95YKBA==",
      "license": "LGPL-2.1",
      "dependencies": {
        "fast-diff": "^1.1.2",
        "gluejs": "~2.4.0",
        "json.sortify": "^2.2.2",
        "nthen": "^0.1.5",
        "xmhell": "~0.1.2"
      }
    },
    "node_modules/chainpad-crypto": {
      "version": "0.3.0",
      "resolved": "https://registry.npmjs.org/chainpad-crypto/-/chainpad-crypto-0.3.0.tgz",
      "integrity": "sha512-L6gUiE8m/ZrUE3eVMju6qzG92Mis3M4T1xCuxVF3eqwa9+46fl9OFwt/TiSmi+oVHSIBmgDTcnOEF/JSxnxYxw==",
      "license": "AGPL-3.0+",
      "dependencies": {
        "tweetnacl": "^1.0.3",
        "tweetnacl-util": "^0.15.1"
      }
    },
    "node_modules/chainpad-listmap": {
      "version": "1.2.0",
      "resolved": "https://registry.npmjs.org/chainpad-listmap/-/chainpad-listmap-1.2.0.tgz",
      "integrity": "sha512-PI7iwk/yKzEb1iaVmLKvMJYXjCjvIgUWzI07LeDGVvZPScnYbEzMso9YMQyxzjqrp8cyQxsL7sA8c/hZAz01cw==",
      "license": "AGPL-3.0+",
      "dependencies": {
        "chainpad-netflux": "^1.3.0",
        "json.sortify": "~2.1.0"
      }
    },
    "node_modules/chainpad-listmap/node_modules/json.sortify": {
      "version": "2.1.0",
      "resolved": "https://registry.npmjs.org/json.sortify/-/json.sortify-2.1.0.tgz",
      "integrity": "sha512-otSldRQcu9PaQJJDeB1qGZUIoL7C4nxZunUVHieWPUMJvvVxIUhsMQUhR+r4OUZBwA1McnbS7sqDf5dYHzJsbw==",
      "license": "Apache-2.0",
      "engines": {
        "node": ">=0.10.0"
      }
    },
    "node_modules/chainpad-netflux": {
      "version": "1.3.0",
      "resolved": "https://registry.npmjs.org/chainpad-netflux/-/chainpad-netflux-1.3.0.tgz",
      "integrity": "sha512-oc47vLt78a/Fp7acQJvLNuX1JRrH9oOWAbzo+yOO1asCWDuI4oesPY81wHzVySKpo58GGfNpZN7CSTI8EZjYrQ==",
      "license": "LGPL-2.1",
      "dependencies": {
        "netflux-websocket": "^1.2.0",
        "tweetnacl": "^1.0.3",
        "tweetnacl-util": "^0.15.1"
      }
    },
    "node_modules/concat-map": {
      "version": "0.0.1",
      "resolved": "https://registry.npmjs.org/concat-map/-/concat-map-0.0.1.tgz",
      "integrity": "sha512-/Srv4dswyQNBfohGpz9o6Yb3Gz3SrUDqBH5rTuhGR7ahtlbYKnVxw2bCFMRljaA7EXHaXZ8wsHdodFvbkhKmqg==",
      "license": "MIT"
    },
    "node_modules/core-util-is": {
      "version": "1.0.3",
      "resolved": "https://registry.npmjs.org/core-util-is/-/core-util-is-1.0.3.tgz",
      "integrity": "sha512-ZQBvi1DcpJ4GDqanjucZ2Hj3wEO5pZDS89BWbkcrvdxksJorwUDDZamX9ldFkp9aw2lmBDLgkObEA4DWNJ9FYQ==",
      "license": "MIT"
    },
    "node_modules/debuglog": {
      "version": "0.0.2",
      "resolved": "https://registry.npmjs.org/debuglog/-/debuglog-0.0.2.tgz",
      "integrity": "sha512-R6Bl6JxzWVrquXohdoHkyGMgaL8esUXhSzB6WUfSX1N+1dFg30Yo9gshTu7ExV6ntKN4VoJFw8zVdPsVVYGmKg==",
      "deprecated": "Package no longer supported. Contact Support at https://www.npmjs.com/support for more info.",
      "license": "MIT",
      "optional": true,
      "engines": {
        "node": "*"
      }
    },
    "node_modules/defined": {
      "version": "1.0.1",
      "resolved": "https://registry.npmjs.org/defined/-/defined-1.0.1.tgz",
      "integrity": "sha512-hsBd2qSVCRE+5PmNdHt1uzyrFu5d3RwmFDKzyNZMFq/EwDNJF7Ee5+D5oEKF0hU6LhtoUF1macFvOe4AskQC1Q==",
      "license": "MIT",
      "funding": {
        "url": "https://github.com/sponsors/ljharb"
      }
    },
    "node_modules/detective": {
      "version": "4.3.2",
      "resolved": "https://registry.npmjs.org/detective/-/detective-4.3.2.tgz",
      "integrity": "sha512-a1rssac1j40ueg2uKcyxfK21OwCQW5sOIXF2Ceela1u2IIjOOF2FhN+mTrQ1arYQTSk3DQHkh/w68aikgpLV9w==",
      "license": "MIT",
      "dependencies": {
        "acorn": "^3.1.0",
        "defined": "^1.0.0"
      }
    },
    "node_modules/esprima": {
      "version": "1.0.4",
      "resolved": "https://registry.npmjs.org/esprima/-/esprima-1.0.4.tgz",
      "integrity": "sha512-rp5dMKN8zEs9dfi9g0X1ClLmV//WRyk/R15mppFNICIFRG5P92VP7Z04p8pk++gABo9W2tY+kHyu6P1mEHgmTA==",
      "bin": {
        "esparse": "bin/esparse.js",
        "esvalidate": "bin/esvalidate.js"
      },
      "engines": {
        "node": ">=0.4.0"
      }
    },
    "node_modules/fast-diff": {
      "version": "1.3.0",
      "resolved": "https://registry.npmjs.org/fast-diff/-/fast-diff-1.3.0.tgz",
      "integrity": "sha512-VxPP4NqbUjj6MaAOafWeUn2cXWLcCtljklUtZf0Ind4XQ+QPtmA0b18zZy0jIQx+ExRVCR/ZQpBmik5lXshNsw==",
      "license": "Apache-2.0"
    },
    "node_modules/gluejs": {
      "version": "2.4.0",
      "resolved": "https://registry.npmjs.org/gluejs/-/gluejs-2.4.0.tgz",
      "integrity": "sha512-ONu5oMBNppp7ybu5PvrnCDh7nv6B6YHKiCrvU9KHFv/ML94Kw18kLilc1z+VucPUeprqrHKMBwNq0nnxWbn1qg==",
      "license": "BSD-3-Clause",
      "dependencies": {
        "amd-resolve": "~0.1.1",
        "amdetective": "0.0.1",
        "browser-resolve": "~1.2.2",
        "bytes": "~2.2.0",
        "detective": "~4.3.1",
        "minilog": "~2.1.0",
        "minimatch": "~0.2.12",
        "minitask": "~0.2.0",
        "optimist": "~0.6.1",
        "progress": "~1.1.2",
        "readable-stream": "1.1.9",
        "resolve": "~0.6.1"
      },
      "bin": {
        "gluejs": "bin/gluejs"
      }
    },
    "node_modules/json.sortify": {
      "version": "2.2.2",
      "resolved": "git+ssh://git@github.com/cryptpad/JSON.sortify.git#0a96f91c3f3b127c3040bbc2d3eb6ae803cb2dfd",
      "license": "Apache-2.0",
      "engines": {
        "node": ">=4.0.0",
        "npm": ">=1.0.20"
      }
    },
    "node_modules/microee": {
      "version": "0.0.2",
      "resolved": "https://registry.npmjs.org/microee/-/microee-0.0.2.tgz",
      "integrity": "sha512-YtNUgIojy1brPWluzA/lE+vf21Tf4qgfs9vqbgY0tFZTsLqKkc+P/UHjf1UrLjB0RSqmPbNm3dihC/HvkqZnTg=="
    },
    "node_modules/minilog": {
      "version": "2.1.0",
      "resolved": "https://registry.npmjs.org/minilog/-/minilog-2.1.0.tgz",
      "integrity": "sha512-UPg2RLmS2JteQ8bn5xA69skwi7evHYcHgRULQIGnNsuXheOHUsFyWitMkqpa3Q9ezSpbDC7vaYKxYCLryCV4og==",
      "license": "MIT",
      "dependencies": {
        "microee": "0.0.2"
      }
    },
    "node_modules/minimatch": {
      "version": "3.1.2",
      "resolved": "https://registry.npmjs.org/minimatch/-/minimatch-3.1.2.tgz",
      "integrity": "sha512-J7p63hRiAjw1NDEww1W7i37+ByIrOWO5XQQAzZ3VOcL0PNybwpfmV/N05zFAzwQ9USyEcX6t3UO+K5aqBQOIHw==",
      "license": "ISC",
      "dependencies": {
        "brace-expansion": "^1.1.7"
      },
      "engines": {
        "node": "*"
      }
    },
    "node_modules/minimist": {
      "version": "1.2.8",
      "resolved": "https://registry.npmjs.org/minimist/-/minimist-1.2.8.tgz",
      "integrity": "sha512-2yyAR8qBkN3YuheJanUpWC5U3bb5osDywNB8RzDVlDwDHbocAJveqqj1u8+SVD7jkWT4yvsHCpWqqWqAxb0zCA==",
      "license": "MIT",
      "funding": {
        "url": "https://github.com/sponsors/ljharb"
      }
    },
    "node_modules/miniq": {
      "version": "0.1.2",
      "resolved": "https://registry.npmjs.org/miniq/-/miniq-0.1.2.tgz",
      "integrity": "sha512-RrLjyiUep4m+ynM6viqtnh20qAdBzfjrmxTIcXU0oschLaEAqUKTxEhYq2Gm3V3IsgzOICG7PMkxuio+I6X6Rw==",
      "license": "BSD",
      "dependencies": {
        "microee": "~0.0.5"
      }
    },
    "node_modules/miniq/node_modules/microee": {
      "version": "0.0.6",
      "resolved": "https://registry.npmjs.org/microee/-/microee-0.0.6.tgz",
      "integrity": "sha512-/LdL3jiBWDJ3oQIRLgRhfeCZNE3patM1LiwCC124+/HHn10sI/G2OAyiMfTNzH5oYWoZBk0tRZADAUOv+0Wt0A==",
      "license": "BSD"
    },
    "node_modules/minitask": {
      "version": "0.2.3",
      "resolved": "https://registry.npmjs.org/minitask/-/minitask-0.2.3.tgz",
      "integrity": "sha512-Ka6EQ9R2XsLc80vr3rdh4C56guoKq5tItG50etoNxJ8wV/0p59og2BdGBtqnNhkWchI/B4W4GTQ/Fvdy5N2rng==",
      "license": "BSD",
      "dependencies": {
        "miniq": "~0.1.1",
        "mkdirp": "~0.5.0"
      },
      "peerDependencies": {
        "minilog": "2.x"
      }
    },
    "node_modules/mkdirp": {
      "version": "0.5.6",
      "resolved": "https://registry.npmjs.org/mkdirp/-/mkdirp-0.5.6.tgz",
      "integrity": "sha512-FP+p8RB8OWpF3YZBCrP5gtADmtXApB5AMLn+vdyA+PyxCjrCs00mjyUozssO33cwDeT3wNGdLxJ5M//YqtHAJw==",
      "license": "MIT",
      "dependencies": {
        "minimist": "^1.2.6"
      },
      "bin": {
        "mkdirp": "bin/cmd.js"
      }
    },
    "node_modules/netflux-websocket": {
      "version": "1.2.2",
      "resolved": "https://registry.npmjs.org/netflux-websocket/-/netflux-websocket-1.2.2.tgz",
      "integrity": "sha512-sroG7pBW4QctLtgW55eYNLfzXTbwHBTp7jMXBcY2Dk043PFBL+dpymVgJJWvb2EEbxGFFoaoqc6a8M9w1hIYMQ==",
      "license": "LGPL-2.1"
    },
    "node_modules/nthen": {
      "version": "0.1.10",
      "resolved": "https://registry.npmjs.org/nthen/-/nthen-0.1.10.tgz",
      "integrity": "sha512-W5LOhoFlQZSVg9SnRUJHgm3lOiT3HV6xq+Qo0dGKju2FWsDrKPwcgbJ9o5CORGz7UKKVhPScY9wOJHUogVG2UA==",
      "license": "MIT"
    },
    "node_modules/optimist": {
      "version": "0.6.1",
      "resolved": "https://registry.npmjs.org/optimist/-/optimist-0.6.1.tgz",
      "integrity": "sha512-snN4O4TkigujZphWLN0E//nQmm7790RYaE53DdL7ZYwee2D8DDo9/EyYiKUfN3rneWUjhJnueija3G9I2i0h3g==",
      "license": "MIT/X11",
      "dependencies": {
        "minimist": "~0.0.1",
        "wordwrap": "~0.0.2"
      }
    },
    "node_modules/progress": {
      "version": "1.1.8",
      "resolved": "https://registry.npmjs.org/progress/-/progress-1.1.8.tgz",
      "integrity": "sha512-UdA8mJ4weIkUBO224tIarHzuHs4HuYiJvsuGT7j/SPQiUJVjYvNDBIPa0hAorduOfjGohB/qHWRa/lrrWX/mXw==",
      "engines": {
        "node": ">=0.4.0"
      }
    },
    "node_modules/readable-stream": {
      "version": "1.1.9",
      "resolved": "https://registry.npmjs.org/readable-stream/-/readable-stream-1.1.9.tgz",
      "integrity": "sha512-Xz7W+ck1vQnTauU5Uo2zYK/Ae8Ou5mRJrKkGFDZX+VF921HwsjL6lz3ga+vT8jQa6HT/0ZbamKffh9OE7xJ4vQ==",
      "license": "MIT",
      "dependencies": {
        "core-util-is": "~1.0.0"
      },
      "optionalDependencies": {
        "debuglog": "0.0.2"
      }
    },
    "node_modules/resolve": {
      "version": "0.6.3",
      "resolved": "https://registry.npmjs.org/resolve/-/resolve-0.6.3.tgz",
      "integrity": "sha512-UHBY3viPlJKf85YijDUcikKX6tmF4SokIDp518ZDVT92JNDcG5uKIthaT/owt3Sar0lwtOafsQuwrg22/v2Dwg==",
      "license": "MIT"
    },
    "node_modules/tweetnacl": {
      "version": "1.0.3",
      "resolved": "https://registry.npmjs.org/tweetnacl/-/tweetnacl-1.0.3.tgz",
      "integrity": "sha512-6rt+RN7aOi1nGMyC4Xa5DdYiukl2UWCbcJft7YhxReBGQD7OAM8Pbxw6YMo4r2diNEA8FEmu32YOn9rhaiE5yw==",
      "license": "Unlicense"
    },
    "node_modules/tweetnacl-util": {
      "version": "0.15.1",
      "resolved": "https://registry.npmjs.org/tweetnacl-util/-/tweetnacl-util-0.15.1.tgz",
      "integrity": "sha512-RKJBIj8lySrShN4w6i/BonWp2Z/uxwC3h4y7xsRrpP59ZboCd0GpEVsOnMDYLMmKBpYhb5TgHzZXy7wTfYFBRw==",
      "license": "Unlicense"
    },
    "node_modules/wordwrap": {
      "version": "0.0.3",
      "resolved": "https://registry.npmjs.org/wordwrap/-/wordwrap-0.0.3.tgz",
      "integrity": "sha512-1tMA907+V4QmxV7dbRvb4/8MaRALK6q9Abid3ndMYnbyo8piisCmeONVqVSXqQA3KaP4SLt5b7ud6E2sqP8TFw==",
      "license": "MIT",
      "engines": {
        "node": ">=0.4.0"
      }
    },
    "node_modules/ws": {
      "version": "8.18.3",
      "resolved": "https://registry.npmjs.org/ws/-/ws-8.18.3.tgz",
      "integrity": "sha512-PEIGCY5tSlUt50cqyMXfCzX+oOPqN0vuGqWzbcJ2xvnkzkq46oOpz7dQaTDBdfICb4N14+GARUDw2XV2N4tvzg==",
      "license": "MIT",
      "engines": {
        "node": ">=10.0.0"
      },
      "peerDependencies": {
        "bufferutil": "^4.0.1",
        "utf-8-validate": ">=5.0.2"
      },
      "peerDependenciesMeta": {
        "bufferutil": {
          "optional": true
        },
        "utf-8-validate": {
          "optional": true
        }
      }
    },
    "node_modules/xmhell": {
      "version": "0.1.2",
      "resolved": "https://registry.npmjs.org/xmhell/-/xmhell-0.1.2.tgz",
      "integrity": "sha512-9JF9o/dM1PHifwtc7KE/Pcc8pp2Jfj7462TakZFPXNzVPBNglePITwj7bQj94aAaQ6ZGokIb3BFu4nToPYuoeA==",
      "engines": {
        "node": "*"
      }
    }
  }
}
